// !$*UTF8*$!
{
	archiveVersion = 1;
	classes = {
	};
	objectVersion = 46;
	objects = {

/* Begin PBXBuildFile section */
		163508EB1C0A3017000F2F54 /* GrowPresentation.swift in Sources */ = {isa = PBXBuildFile; fileRef = 163508EA1C0A3017000F2F54 /* GrowPresentation.swift */; };
		163508ED1C0A303C000F2F54 /* GrowTransition.swift in Sources */ = {isa = PBXBuildFile; fileRef = 163508EC1C0A303C000F2F54 /* GrowTransition.swift */; };
		163508EF1C0A3050000F2F54 /* ShowWorkViewController.swift in Sources */ = {isa = PBXBuildFile; fileRef = 163508EE1C0A3050000F2F54 /* ShowWorkViewController.swift */; };
		166632A81CFEAB5E009E0B41 /* ElementsTableViewController.swift in Sources */ = {isa = PBXBuildFile; fileRef = 166632A71CFEAB5E009E0B41 /* ElementsTableViewController.swift */; };
		166632AA1CFEAB76009E0B41 /* ElementDetailViewController.swift in Sources */ = {isa = PBXBuildFile; fileRef = 166632A91CFEAB76009E0B41 /* ElementDetailViewController.swift */; };
		166632AD1CFEAB93009E0B41 /* ElementsSplitViewController.swift in Sources */ = {isa = PBXBuildFile; fileRef = 166632AC1CFEAB93009E0B41 /* ElementsSplitViewController.swift */; };
		1697B45A1BF6F0E200FB7F20 /* AppDelegate.swift in Sources */ = {isa = PBXBuildFile; fileRef = 1697B4591BF6F0E200FB7F20 /* AppDelegate.swift */; };
		1697B45F1BF6F0E200FB7F20 /* Main.storyboard in Resources */ = {isa = PBXBuildFile; fileRef = 1697B45D1BF6F0E200FB7F20 /* Main.storyboard */; };
		1697B4641BF6F0E200FB7F20 /* LaunchScreen.storyboard in Resources */ = {isa = PBXBuildFile; fileRef = 1697B4621BF6F0E200FB7F20 /* LaunchScreen.storyboard */; };
		16A090F11C21D55E00F840D9 /* ActionViewController.swift in Sources */ = {isa = PBXBuildFile; fileRef = 16A090F01C21D55E00F840D9 /* ActionViewController.swift */; };
		16A090F41C21D55E00F840D9 /* MainInterface.storyboard in Resources */ = {isa = PBXBuildFile; fileRef = 16A090F21C21D55E00F840D9 /* MainInterface.storyboard */; };
		16A090F81C21D55E00F840D9 /* Calculate Molar Mass.appex in Embed App Extensions */ = {isa = PBXBuildFile; fileRef = 16A090EE1C21D55D00F840D9 /* Calculate Molar Mass.appex */; settings = {ATTRIBUTES = (RemoveHeadersOnCopy, ); }; };
		16A090FD1C21D58100F840D9 /* MolarMassCalculator.m in Sources */ = {isa = PBXBuildFile; fileRef = 16EDC0F71C07F7030094448E /* MolarMassCalculator.m */; };
		16A090FE1C22512E00F840D9 /* ShowWorkViewController.swift in Sources */ = {isa = PBXBuildFile; fileRef = 163508EE1C0A3050000F2F54 /* ShowWorkViewController.swift */; };
		16A090FF1C22519500F840D9 /* GrowPresentation.swift in Sources */ = {isa = PBXBuildFile; fileRef = 163508EA1C0A3017000F2F54 /* GrowPresentation.swift */; };
		16A091001C22519700F840D9 /* GrowTransition.swift in Sources */ = {isa = PBXBuildFile; fileRef = 163508EC1C0A303C000F2F54 /* GrowTransition.swift */; };
		16A408FB1C20D6D300ADB213 /* NotificationCenter.framework in Frameworks */ = {isa = PBXBuildFile; fileRef = 16A408FA1C20D6D300ADB213 /* NotificationCenter.framework */; };
		16A408FE1C20D6D300ADB213 /* TodayViewController.swift in Sources */ = {isa = PBXBuildFile; fileRef = 16A408FD1C20D6D300ADB213 /* TodayViewController.swift */; };
		16A409011C20D6D300ADB213 /* MainInterface.storyboard in Resources */ = {isa = PBXBuildFile; fileRef = 16A408FF1C20D6D300ADB213 /* MainInterface.storyboard */; };
		16A409051C20D6D300ADB213 /* Molar Mass Calculator.appex in Embed App Extensions */ = {isa = PBXBuildFile; fileRef = 16A408F81C20D6D300ADB213 /* Molar Mass Calculator.appex */; settings = {ATTRIBUTES = (RemoveHeadersOnCopy, ); }; };
		16A409351C20F45D00ADB213 /* MolarMassCalculator.m in Sources */ = {isa = PBXBuildFile; fileRef = 16EDC0F71C07F7030094448E /* MolarMassCalculator.m */; };
		16A409361C20F45D00ADB213 /* MolarMassCalculator.m in Sources */ = {isa = PBXBuildFile; fileRef = 16EDC0F71C07F7030094448E /* MolarMassCalculator.m */; };
		16A916391DAFEC9D00E80868 /* Chemical Symbols.plist in Resources */ = {isa = PBXBuildFile; fileRef = 16A916381DAFEC9D00E80868 /* Chemical Symbols.plist */; };
		16A9163A1DAFEC9D00E80868 /* Chemical Symbols.plist in Resources */ = {isa = PBXBuildFile; fileRef = 16A916381DAFEC9D00E80868 /* Chemical Symbols.plist */; };
		16A9163B1DAFEC9D00E80868 /* Chemical Symbols.plist in Resources */ = {isa = PBXBuildFile; fileRef = 16A916381DAFEC9D00E80868 /* Chemical Symbols.plist */; };
		16B74B1B1CFD331E000B443B /* ConversionsViewController.swift in Sources */ = {isa = PBXBuildFile; fileRef = 16B74B1A1CFD331E000B443B /* ConversionsViewController.swift */; };
		16E4DC301CFE74EC00865985 /* ConversionResultTableViewController.swift in Sources */ = {isa = PBXBuildFile; fileRef = 16E4DC2F1CFE74EC00865985 /* ConversionResultTableViewController.swift */; };
		16E4DC341CFE79D400865985 /* SlideUpTransition.swift in Sources */ = {isa = PBXBuildFile; fileRef = 16E4DC331CFE79D400865985 /* SlideUpTransition.swift */; };
		16E4DC361CFE7A2900865985 /* SlideUpPresentation.swift in Sources */ = {isa = PBXBuildFile; fileRef = 16E4DC351CFE7A2900865985 /* SlideUpPresentation.swift */; };
		16EDC0FA1C08306F0094448E /* MolarMassViewController.swift in Sources */ = {isa = PBXBuildFile; fileRef = 16EDC0F91C08306F0094448E /* MolarMassViewController.swift */; };
		16EDC0FE1C08341F0094448E /* SlideFromLeftTransition.swift in Sources */ = {isa = PBXBuildFile; fileRef = 16EDC0FD1C08341F0094448E /* SlideFromLeftTransition.swift */; };
		16EDC1001C08386A0094448E /* ExamplesViewController.swift in Sources */ = {isa = PBXBuildFile; fileRef = 16EDC0FF1C08386A0094448E /* ExamplesViewController.swift */; };
		16EDC1021C083A530094448E /* SlideFromLeftPresentation.swift in Sources */ = {isa = PBXBuildFile; fileRef = 16EDC1011C083A530094448E /* SlideFromLeftPresentation.swift */; };
		16FBF7EB1C23451900B925BE /* Assets.xcassets in Resources */ = {isa = PBXBuildFile; fileRef = 16FBF7EA1C23451900B925BE /* Assets.xcassets */; };
		16FBF7EC1C23451900B925BE /* Assets.xcassets in Resources */ = {isa = PBXBuildFile; fileRef = 16FBF7EA1C23451900B925BE /* Assets.xcassets */; };
		16FBF7ED1C23451900B925BE /* Assets.xcassets in Resources */ = {isa = PBXBuildFile; fileRef = 16FBF7EA1C23451900B925BE /* Assets.xcassets */; };
/* End PBXBuildFile section */

/* Begin PBXContainerItemProxy section */
		16A090F61C21D55E00F840D9 /* PBXContainerItemProxy */ = {
			isa = PBXContainerItemProxy;
			containerPortal = 1697B44E1BF6F0E200FB7F20 /* Project object */;
			proxyType = 1;
			remoteGlobalIDString = 16A090ED1C21D55D00F840D9;
			remoteInfo = "Calculate Molar Mass";
		};
		16A409031C20D6D300ADB213 /* PBXContainerItemProxy */ = {
			isa = PBXContainerItemProxy;
			containerPortal = 1697B44E1BF6F0E200FB7F20 /* Project object */;
			proxyType = 1;
			remoteGlobalIDString = 16A408F71C20D6D300ADB213;
			remoteInfo = "Molar Mass Calculator";
		};
/* End PBXContainerItemProxy section */

/* Begin PBXCopyFilesBuildPhase section */
		16A409091C20D6D300ADB213 /* Embed App Extensions */ = {
			isa = PBXCopyFilesBuildPhase;
			buildActionMask = 2147483647;
			dstPath = "";
			dstSubfolderSpec = 13;
			files = (
				16A409051C20D6D300ADB213 /* Molar Mass Calculator.appex in Embed App Extensions */,
				16A090F81C21D55E00F840D9 /* Calculate Molar Mass.appex in Embed App Extensions */,
			);
			name = "Embed App Extensions";
			runOnlyForDeploymentPostprocessing = 0;
		};
		16A4091D1C20EF9F00ADB213 /* Embed Frameworks */ = {
			isa = PBXCopyFilesBuildPhase;
			buildActionMask = 2147483647;
			dstPath = "";
			dstSubfolderSpec = 10;
			files = (
			);
			name = "Embed Frameworks";
			runOnlyForDeploymentPostprocessing = 0;
		};
/* End PBXCopyFilesBuildPhase section */

/* Begin PBXFileReference section */
		163508EA1C0A3017000F2F54 /* GrowPresentation.swift */ = {isa = PBXFileReference; fileEncoding = 4; lastKnownFileType = sourcecode.swift; path = GrowPresentation.swift; sourceTree = "<group>"; };
		163508EC1C0A303C000F2F54 /* GrowTransition.swift */ = {isa = PBXFileReference; fileEncoding = 4; lastKnownFileType = sourcecode.swift; path = GrowTransition.swift; sourceTree = "<group>"; };
		163508EE1C0A3050000F2F54 /* ShowWorkViewController.swift */ = {isa = PBXFileReference; fileEncoding = 4; lastKnownFileType = sourcecode.swift; path = ShowWorkViewController.swift; sourceTree = "<group>"; };
		166632A71CFEAB5E009E0B41 /* ElementsTableViewController.swift */ = {isa = PBXFileReference; fileEncoding = 4; lastKnownFileType = sourcecode.swift; path = ElementsTableViewController.swift; sourceTree = "<group>"; };
		166632A91CFEAB76009E0B41 /* ElementDetailViewController.swift */ = {isa = PBXFileReference; fileEncoding = 4; lastKnownFileType = sourcecode.swift; path = ElementDetailViewController.swift; sourceTree = "<group>"; };
		166632AC1CFEAB93009E0B41 /* ElementsSplitViewController.swift */ = {isa = PBXFileReference; fileEncoding = 4; lastKnownFileType = sourcecode.swift; path = ElementsSplitViewController.swift; sourceTree = "<group>"; };
		1697B4561BF6F0E200FB7F20 /* ChemWhiz.app */ = {isa = PBXFileReference; explicitFileType = wrapper.application; includeInIndex = 0; path = ChemWhiz.app; sourceTree = BUILT_PRODUCTS_DIR; };
		1697B4591BF6F0E200FB7F20 /* AppDelegate.swift */ = {isa = PBXFileReference; lastKnownFileType = sourcecode.swift; path = AppDelegate.swift; sourceTree = "<group>"; };
		1697B45E1BF6F0E200FB7F20 /* Base */ = {isa = PBXFileReference; lastKnownFileType = file.storyboard; name = Base; path = Base.lproj/Main.storyboard; sourceTree = "<group>"; };
		1697B4631BF6F0E200FB7F20 /* Base */ = {isa = PBXFileReference; lastKnownFileType = file.storyboard; name = Base; path = Base.lproj/LaunchScreen.storyboard; sourceTree = "<group>"; };
		1697B4651BF6F0E200FB7F20 /* Info.plist */ = {isa = PBXFileReference; lastKnownFileType = text.plist.xml; path = Info.plist; sourceTree = "<group>"; };
		16A090EE1C21D55D00F840D9 /* Calculate Molar Mass.appex */ = {isa = PBXFileReference; explicitFileType = "wrapper.app-extension"; includeInIndex = 0; path = "Calculate Molar Mass.appex"; sourceTree = BUILT_PRODUCTS_DIR; };
		16A090F01C21D55E00F840D9 /* ActionViewController.swift */ = {isa = PBXFileReference; lastKnownFileType = sourcecode.swift; path = ActionViewController.swift; sourceTree = "<group>"; };
		16A090F31C21D55E00F840D9 /* Base */ = {isa = PBXFileReference; lastKnownFileType = file.storyboard; name = Base; path = Base.lproj/MainInterface.storyboard; sourceTree = "<group>"; };
		16A090F51C21D55E00F840D9 /* Info.plist */ = {isa = PBXFileReference; lastKnownFileType = text.plist.xml; path = Info.plist; sourceTree = "<group>"; };
		16A408F81C20D6D300ADB213 /* Molar Mass Calculator.appex */ = {isa = PBXFileReference; explicitFileType = "wrapper.app-extension"; includeInIndex = 0; path = "Molar Mass Calculator.appex"; sourceTree = BUILT_PRODUCTS_DIR; };
		16A408FA1C20D6D300ADB213 /* NotificationCenter.framework */ = {isa = PBXFileReference; lastKnownFileType = wrapper.framework; name = NotificationCenter.framework; path = System/Library/Frameworks/NotificationCenter.framework; sourceTree = SDKROOT; };
		16A408FD1C20D6D300ADB213 /* TodayViewController.swift */ = {isa = PBXFileReference; lastKnownFileType = sourcecode.swift; path = TodayViewController.swift; sourceTree = "<group>"; };
		16A409001C20D6D300ADB213 /* Base */ = {isa = PBXFileReference; lastKnownFileType = file.storyboard; name = Base; path = Base.lproj/MainInterface.storyboard; sourceTree = "<group>"; };
		16A409021C20D6D300ADB213 /* Info.plist */ = {isa = PBXFileReference; lastKnownFileType = text.plist.xml; path = Info.plist; sourceTree = "<group>"; };
		16A409331C20F35A00ADB213 /* UIKit.framework */ = {isa = PBXFileReference; lastKnownFileType = wrapper.framework; name = UIKit.framework; path = System/Library/Frameworks/UIKit.framework; sourceTree = SDKROOT; };
		16A409381C20F4F700ADB213 /* ChemWhiz-Bridging-Header.h */ = {isa = PBXFileReference; fileEncoding = 4; lastKnownFileType = sourcecode.c.h; path = "ChemWhiz-Bridging-Header.h"; sourceTree = "<group>"; };
		16A916381DAFEC9D00E80868 /* Chemical Symbols.plist */ = {isa = PBXFileReference; fileEncoding = 4; lastKnownFileType = text.plist.xml; path = "Chemical Symbols.plist"; sourceTree = "<group>"; };
		16B74B1A1CFD331E000B443B /* ConversionsViewController.swift */ = {isa = PBXFileReference; fileEncoding = 4; lastKnownFileType = sourcecode.swift; path = ConversionsViewController.swift; sourceTree = "<group>"; };
		16E4DC2F1CFE74EC00865985 /* ConversionResultTableViewController.swift */ = {isa = PBXFileReference; fileEncoding = 4; lastKnownFileType = sourcecode.swift; path = ConversionResultTableViewController.swift; sourceTree = "<group>"; };
		16E4DC331CFE79D400865985 /* SlideUpTransition.swift */ = {isa = PBXFileReference; fileEncoding = 4; lastKnownFileType = sourcecode.swift; path = SlideUpTransition.swift; sourceTree = "<group>"; };
		16E4DC351CFE7A2900865985 /* SlideUpPresentation.swift */ = {isa = PBXFileReference; fileEncoding = 4; lastKnownFileType = sourcecode.swift; path = SlideUpPresentation.swift; sourceTree = "<group>"; };
		16EDC0F61C07F7030094448E /* MolarMassCalculator.h */ = {isa = PBXFileReference; fileEncoding = 4; lastKnownFileType = sourcecode.c.h; path = MolarMassCalculator.h; sourceTree = "<group>"; };
		16EDC0F71C07F7030094448E /* MolarMassCalculator.m */ = {isa = PBXFileReference; fileEncoding = 4; lastKnownFileType = sourcecode.c.objc; path = MolarMassCalculator.m; sourceTree = "<group>"; };
		16EDC0F91C08306F0094448E /* MolarMassViewController.swift */ = {isa = PBXFileReference; fileEncoding = 4; lastKnownFileType = sourcecode.swift; path = MolarMassViewController.swift; sourceTree = "<group>"; };
		16EDC0FD1C08341F0094448E /* SlideFromLeftTransition.swift */ = {isa = PBXFileReference; fileEncoding = 4; lastKnownFileType = sourcecode.swift; path = SlideFromLeftTransition.swift; sourceTree = "<group>"; };
		16EDC0FF1C08386A0094448E /* ExamplesViewController.swift */ = {isa = PBXFileReference; fileEncoding = 4; lastKnownFileType = sourcecode.swift; path = ExamplesViewController.swift; sourceTree = "<group>"; };
		16EDC1011C083A530094448E /* SlideFromLeftPresentation.swift */ = {isa = PBXFileReference; fileEncoding = 4; lastKnownFileType = sourcecode.swift; path = SlideFromLeftPresentation.swift; sourceTree = "<group>"; };
		16FBF7EA1C23451900B925BE /* Assets.xcassets */ = {isa = PBXFileReference; lastKnownFileType = folder.assetcatalog; path = Assets.xcassets; sourceTree = "<group>"; };
/* End PBXFileReference section */

/* Begin PBXFrameworksBuildPhase section */
		1697B4531BF6F0E200FB7F20 /* Frameworks */ = {
			isa = PBXFrameworksBuildPhase;
			buildActionMask = 2147483647;
			files = (
			);
			runOnlyForDeploymentPostprocessing = 0;
		};
		16A090EB1C21D55D00F840D9 /* Frameworks */ = {
			isa = PBXFrameworksBuildPhase;
			buildActionMask = 2147483647;
			files = (
			);
			runOnlyForDeploymentPostprocessing = 0;
		};
		16A408F51C20D6D300ADB213 /* Frameworks */ = {
			isa = PBXFrameworksBuildPhase;
			buildActionMask = 2147483647;
			files = (
				16A408FB1C20D6D300ADB213 /* NotificationCenter.framework in Frameworks */,
			);
			runOnlyForDeploymentPostprocessing = 0;
		};
/* End PBXFrameworksBuildPhase section */

/* Begin PBXGroup section */
		166632AB1CFEAB7A009E0B41 /* Elements Tab */ = {
			isa = PBXGroup;
			children = (
				166632AC1CFEAB93009E0B41 /* ElementsSplitViewController.swift */,
				166632A71CFEAB5E009E0B41 /* ElementsTableViewController.swift */,
				166632A91CFEAB76009E0B41 /* ElementDetailViewController.swift */,
			);
			name = "Elements Tab";
			sourceTree = "<group>";
		};
		1697B44D1BF6F0E200FB7F20 = {
			isa = PBXGroup;
			children = (
				1697B4581BF6F0E200FB7F20 /* ChemWhiz */,
				16A408FC1C20D6D300ADB213 /* Molar Mass Calculator */,
				16A090EF1C21D55E00F840D9 /* Calculate Molar Mass */,
				16A408F91C20D6D300ADB213 /* Frameworks */,
				1697B4571BF6F0E200FB7F20 /* Products */,
			);
			sourceTree = "<group>";
		};
		1697B4571BF6F0E200FB7F20 /* Products */ = {
			isa = PBXGroup;
			children = (
				1697B4561BF6F0E200FB7F20 /* ChemWhiz.app */,
				16A408F81C20D6D300ADB213 /* Molar Mass Calculator.appex */,
				16A090EE1C21D55D00F840D9 /* Calculate Molar Mass.appex */,
			);
			name = Products;
			sourceTree = "<group>";
		};
		1697B4581BF6F0E200FB7F20 /* ChemWhiz */ = {
			isa = PBXGroup;
			children = (
				1697B4591BF6F0E200FB7F20 /* AppDelegate.swift */,
				1697B45D1BF6F0E200FB7F20 /* Main.storyboard */,
				16E4DC311CFE74F800865985 /* Molar Mass Tab */,
				16E4DC321CFE750800865985 /* Conversions Tab */,
				166632AB1CFEAB7A009E0B41 /* Elements Tab */,
				16EDC0F61C07F7030094448E /* MolarMassCalculator.h */,
				16EDC0F71C07F7030094448E /* MolarMassCalculator.m */,
				16A916381DAFEC9D00E80868 /* Chemical Symbols.plist */,
				1697B4621BF6F0E200FB7F20 /* LaunchScreen.storyboard */,
				16FBF7EA1C23451900B925BE /* Assets.xcassets */,
				16A409381C20F4F700ADB213 /* ChemWhiz-Bridging-Header.h */,
				1697B4651BF6F0E200FB7F20 /* Info.plist */,
			);
			path = ChemWhiz;
			sourceTree = "<group>";
		};
		16A090EF1C21D55E00F840D9 /* Calculate Molar Mass */ = {
			isa = PBXGroup;
			children = (
				16A090F01C21D55E00F840D9 /* ActionViewController.swift */,
				16A090F21C21D55E00F840D9 /* MainInterface.storyboard */,
				16A090F51C21D55E00F840D9 /* Info.plist */,
			);
			path = "Calculate Molar Mass";
			sourceTree = "<group>";
		};
		16A408F91C20D6D300ADB213 /* Frameworks */ = {
			isa = PBXGroup;
			children = (
				16A409331C20F35A00ADB213 /* UIKit.framework */,
				16A408FA1C20D6D300ADB213 /* NotificationCenter.framework */,
			);
			name = Frameworks;
			sourceTree = "<group>";
		};
		16A408FC1C20D6D300ADB213 /* Molar Mass Calculator */ = {
			isa = PBXGroup;
			children = (
				16A408FD1C20D6D300ADB213 /* TodayViewController.swift */,
				16A408FF1C20D6D300ADB213 /* MainInterface.storyboard */,
				16A409021C20D6D300ADB213 /* Info.plist */,
			);
			path = "Molar Mass Calculator";
			sourceTree = "<group>";
		};
		16E4DC311CFE74F800865985 /* Molar Mass Tab */ = {
			isa = PBXGroup;
			children = (
				16EDC0F91C08306F0094448E /* MolarMassViewController.swift */,
				16EDC0FF1C08386A0094448E /* ExamplesViewController.swift */,
				163508EC1C0A303C000F2F54 /* GrowTransition.swift */,
				163508EA1C0A3017000F2F54 /* GrowPresentation.swift */,
				163508EE1C0A3050000F2F54 /* ShowWorkViewController.swift */,
				16EDC0FD1C08341F0094448E /* SlideFromLeftTransition.swift */,
				16EDC1011C083A530094448E /* SlideFromLeftPresentation.swift */,
			);
			name = "Molar Mass Tab";
			sourceTree = "<group>";
		};
		16E4DC321CFE750800865985 /* Conversions Tab */ = {
			isa = PBXGroup;
			children = (
				16B74B1A1CFD331E000B443B /* ConversionsViewController.swift */,
				16E4DC2F1CFE74EC00865985 /* ConversionResultTableViewController.swift */,
				16E4DC331CFE79D400865985 /* SlideUpTransition.swift */,
				16E4DC351CFE7A2900865985 /* SlideUpPresentation.swift */,
			);
			name = "Conversions Tab";
			sourceTree = "<group>";
		};
/* End PBXGroup section */

/* Begin PBXNativeTarget section */
		1697B4551BF6F0E200FB7F20 /* ChemWhiz */ = {
			isa = PBXNativeTarget;
			buildConfigurationList = 1697B4681BF6F0E200FB7F20 /* Build configuration list for PBXNativeTarget "ChemWhiz" */;
			buildPhases = (
				1697B4521BF6F0E200FB7F20 /* Sources */,
				1697B4531BF6F0E200FB7F20 /* Frameworks */,
				1697B4541BF6F0E200FB7F20 /* Resources */,
				16A409091C20D6D300ADB213 /* Embed App Extensions */,
				16A4091D1C20EF9F00ADB213 /* Embed Frameworks */,
			);
			buildRules = (
			);
			dependencies = (
				16A409041C20D6D300ADB213 /* PBXTargetDependency */,
				16A090F71C21D55E00F840D9 /* PBXTargetDependency */,
			);
			name = ChemWhiz;
			productName = ChemWhiz;
			productReference = 1697B4561BF6F0E200FB7F20 /* ChemWhiz.app */;
			productType = "com.apple.product-type.application";
		};
		16A090ED1C21D55D00F840D9 /* Calculate Molar Mass */ = {
			isa = PBXNativeTarget;
			buildConfigurationList = 16A090FB1C21D55E00F840D9 /* Build configuration list for PBXNativeTarget "Calculate Molar Mass" */;
			buildPhases = (
				16A090EA1C21D55D00F840D9 /* Sources */,
				16A090EB1C21D55D00F840D9 /* Frameworks */,
				16A090EC1C21D55D00F840D9 /* Resources */,
			);
			buildRules = (
			);
			dependencies = (
			);
			name = "Calculate Molar Mass";
			productName = "Calculate Molar Mass";
			productReference = 16A090EE1C21D55D00F840D9 /* Calculate Molar Mass.appex */;
			productType = "com.apple.product-type.app-extension";
		};
		16A408F71C20D6D300ADB213 /* Molar Mass Calculator */ = {
			isa = PBXNativeTarget;
			buildConfigurationList = 16A409081C20D6D300ADB213 /* Build configuration list for PBXNativeTarget "Molar Mass Calculator" */;
			buildPhases = (
				16A408F41C20D6D300ADB213 /* Sources */,
				16A408F51C20D6D300ADB213 /* Frameworks */,
				16A408F61C20D6D300ADB213 /* Resources */,
			);
			buildRules = (
			);
			dependencies = (
			);
			name = "Molar Mass Calculator";
			productName = "Molar Mass Calculator";
			productReference = 16A408F81C20D6D300ADB213 /* Molar Mass Calculator.appex */;
			productType = "com.apple.product-type.app-extension";
		};
/* End PBXNativeTarget section */

/* Begin PBXProject section */
		1697B44E1BF6F0E200FB7F20 /* Project object */ = {
			isa = PBXProject;
			attributes = {
				LastSwiftUpdateCheck = 0720;
				LastUpgradeCheck = 0920;
				ORGANIZATIONNAME = "Anant Jain";
				TargetAttributes = {
					1697B4551BF6F0E200FB7F20 = {
						CreatedOnToolsVersion = 7.1.1;
						DevelopmentTeam = RENT9T8393;
						LastSwiftMigration = 0920;
					};
					16A090ED1C21D55D00F840D9 = {
						CreatedOnToolsVersion = 7.2;
						DevelopmentTeam = RENT9T8393;
						LastSwiftMigration = 0920;
					};
					16A408F71C20D6D300ADB213 = {
						CreatedOnToolsVersion = 7.2;
						DevelopmentTeam = RENT9T8393;
						LastSwiftMigration = 0920;
					};
				};
			};
			buildConfigurationList = 1697B4511BF6F0E200FB7F20 /* Build configuration list for PBXProject "ChemWhiz" */;
			compatibilityVersion = "Xcode 3.2";
			developmentRegion = English;
			hasScannedForEncodings = 0;
			knownRegions = (
				en,
				Base,
			);
			mainGroup = 1697B44D1BF6F0E200FB7F20;
			productRefGroup = 1697B4571BF6F0E200FB7F20 /* Products */;
			projectDirPath = "";
			projectRoot = "";
			targets = (
				1697B4551BF6F0E200FB7F20 /* ChemWhiz */,
				16A408F71C20D6D300ADB213 /* Molar Mass Calculator */,
				16A090ED1C21D55D00F840D9 /* Calculate Molar Mass */,
			);
		};
/* End PBXProject section */

/* Begin PBXResourcesBuildPhase section */
		1697B4541BF6F0E200FB7F20 /* Resources */ = {
			isa = PBXResourcesBuildPhase;
			buildActionMask = 2147483647;
			files = (
				1697B4641BF6F0E200FB7F20 /* LaunchScreen.storyboard in Resources */,
				1697B45F1BF6F0E200FB7F20 /* Main.storyboard in Resources */,
				16FBF7EB1C23451900B925BE /* Assets.xcassets in Resources */,
				16A916391DAFEC9D00E80868 /* Chemical Symbols.plist in Resources */,
			);
			runOnlyForDeploymentPostprocessing = 0;
		};
		16A090EC1C21D55D00F840D9 /* Resources */ = {
			isa = PBXResourcesBuildPhase;
			buildActionMask = 2147483647;
			files = (
				16A9163B1DAFEC9D00E80868 /* Chemical Symbols.plist in Resources */,
				16A090F41C21D55E00F840D9 /* MainInterface.storyboard in Resources */,
				16FBF7ED1C23451900B925BE /* Assets.xcassets in Resources */,
			);
			runOnlyForDeploymentPostprocessing = 0;
		};
		16A408F61C20D6D300ADB213 /* Resources */ = {
			isa = PBXResourcesBuildPhase;
			buildActionMask = 2147483647;
			files = (
				16A9163A1DAFEC9D00E80868 /* Chemical Symbols.plist in Resources */,
				16FBF7EC1C23451900B925BE /* Assets.xcassets in Resources */,
				16A409011C20D6D300ADB213 /* MainInterface.storyboard in Resources */,
			);
			runOnlyForDeploymentPostprocessing = 0;
		};
/* End PBXResourcesBuildPhase section */

/* Begin PBXSourcesBuildPhase section */
		1697B4521BF6F0E200FB7F20 /* Sources */ = {
			isa = PBXSourcesBuildPhase;
			buildActionMask = 2147483647;
			files = (
				16EDC1021C083A530094448E /* SlideFromLeftPresentation.swift in Sources */,
				166632AA1CFEAB76009E0B41 /* ElementDetailViewController.swift in Sources */,
				16E4DC361CFE7A2900865985 /* SlideUpPresentation.swift in Sources */,
				16E4DC301CFE74EC00865985 /* ConversionResultTableViewController.swift in Sources */,
				163508ED1C0A303C000F2F54 /* GrowTransition.swift in Sources */,
				166632A81CFEAB5E009E0B41 /* ElementsTableViewController.swift in Sources */,
				16E4DC341CFE79D400865985 /* SlideUpTransition.swift in Sources */,
				1697B45A1BF6F0E200FB7F20 /* AppDelegate.swift in Sources */,
				16EDC1001C08386A0094448E /* ExamplesViewController.swift in Sources */,
				163508EF1C0A3050000F2F54 /* ShowWorkViewController.swift in Sources */,
				163508EB1C0A3017000F2F54 /* GrowPresentation.swift in Sources */,
				16EDC0FA1C08306F0094448E /* MolarMassViewController.swift in Sources */,
				166632AD1CFEAB93009E0B41 /* ElementsSplitViewController.swift in Sources */,
				16EDC0FE1C08341F0094448E /* SlideFromLeftTransition.swift in Sources */,
				16B74B1B1CFD331E000B443B /* ConversionsViewController.swift in Sources */,
				16A409351C20F45D00ADB213 /* MolarMassCalculator.m in Sources */,
			);
			runOnlyForDeploymentPostprocessing = 0;
		};
		16A090EA1C21D55D00F840D9 /* Sources */ = {
			isa = PBXSourcesBuildPhase;
			buildActionMask = 2147483647;
			files = (
				16A090FF1C22519500F840D9 /* GrowPresentation.swift in Sources */,
				16A090F11C21D55E00F840D9 /* ActionViewController.swift in Sources */,
				16A090FE1C22512E00F840D9 /* ShowWorkViewController.swift in Sources */,
				16A091001C22519700F840D9 /* GrowTransition.swift in Sources */,
				16A090FD1C21D58100F840D9 /* MolarMassCalculator.m in Sources */,
			);
			runOnlyForDeploymentPostprocessing = 0;
		};
		16A408F41C20D6D300ADB213 /* Sources */ = {
			isa = PBXSourcesBuildPhase;
			buildActionMask = 2147483647;
			files = (
				16A408FE1C20D6D300ADB213 /* TodayViewController.swift in Sources */,
				16A409361C20F45D00ADB213 /* MolarMassCalculator.m in Sources */,
			);
			runOnlyForDeploymentPostprocessing = 0;
		};
/* End PBXSourcesBuildPhase section */

/* Begin PBXTargetDependency section */
		16A090F71C21D55E00F840D9 /* PBXTargetDependency */ = {
			isa = PBXTargetDependency;
			target = 16A090ED1C21D55D00F840D9 /* Calculate Molar Mass */;
			targetProxy = 16A090F61C21D55E00F840D9 /* PBXContainerItemProxy */;
		};
		16A409041C20D6D300ADB213 /* PBXTargetDependency */ = {
			isa = PBXTargetDependency;
			target = 16A408F71C20D6D300ADB213 /* Molar Mass Calculator */;
			targetProxy = 16A409031C20D6D300ADB213 /* PBXContainerItemProxy */;
		};
/* End PBXTargetDependency section */

/* Begin PBXVariantGroup section */
		1697B45D1BF6F0E200FB7F20 /* Main.storyboard */ = {
			isa = PBXVariantGroup;
			children = (
				1697B45E1BF6F0E200FB7F20 /* Base */,
			);
			name = Main.storyboard;
			sourceTree = "<group>";
		};
		1697B4621BF6F0E200FB7F20 /* LaunchScreen.storyboard */ = {
			isa = PBXVariantGroup;
			children = (
				1697B4631BF6F0E200FB7F20 /* Base */,
			);
			name = LaunchScreen.storyboard;
			sourceTree = "<group>";
		};
		16A090F21C21D55E00F840D9 /* MainInterface.storyboard */ = {
			isa = PBXVariantGroup;
			children = (
				16A090F31C21D55E00F840D9 /* Base */,
			);
			name = MainInterface.storyboard;
			sourceTree = "<group>";
		};
		16A408FF1C20D6D300ADB213 /* MainInterface.storyboard */ = {
			isa = PBXVariantGroup;
			children = (
				16A409001C20D6D300ADB213 /* Base */,
			);
			name = MainInterface.storyboard;
			sourceTree = "<group>";
		};
/* End PBXVariantGroup section */

/* Begin XCBuildConfiguration section */
		1697B4661BF6F0E200FB7F20 /* Debug */ = {
			isa = XCBuildConfiguration;
			buildSettings = {
				ALWAYS_SEARCH_USER_PATHS = NO;
				CLANG_CXX_LANGUAGE_STANDARD = "gnu++0x";
				CLANG_CXX_LIBRARY = "libc++";
				CLANG_ENABLE_MODULES = YES;
				CLANG_ENABLE_OBJC_ARC = YES;
				CLANG_WARN_BLOCK_CAPTURE_AUTORELEASING = YES;
				CLANG_WARN_BOOL_CONVERSION = YES;
				CLANG_WARN_COMMA = YES;
				CLANG_WARN_CONSTANT_CONVERSION = YES;
				CLANG_WARN_DIRECT_OBJC_ISA_USAGE = YES_ERROR;
				CLANG_WARN_EMPTY_BODY = YES;
				CLANG_WARN_ENUM_CONVERSION = YES;
				CLANG_WARN_INFINITE_RECURSION = YES;
				CLANG_WARN_INT_CONVERSION = YES;
				CLANG_WARN_NON_LITERAL_NULL_CONVERSION = YES;
				CLANG_WARN_OBJC_LITERAL_CONVERSION = YES;
				CLANG_WARN_OBJC_ROOT_CLASS = YES_ERROR;
				CLANG_WARN_RANGE_LOOP_ANALYSIS = YES;
				CLANG_WARN_STRICT_PROTOTYPES = YES;
				CLANG_WARN_SUSPICIOUS_MOVE = YES;
				CLANG_WARN_UNREACHABLE_CODE = YES;
				CLANG_WARN__DUPLICATE_METHOD_MATCH = YES;
				"CODE_SIGN_IDENTITY[sdk=iphoneos*]" = "iPhone Developer";
				COPY_PHASE_STRIP = NO;
				DEBUG_INFORMATION_FORMAT = dwarf;
				ENABLE_STRICT_OBJC_MSGSEND = YES;
				ENABLE_TESTABILITY = YES;
				GCC_C_LANGUAGE_STANDARD = gnu99;
				GCC_DYNAMIC_NO_PIC = NO;
				GCC_NO_COMMON_BLOCKS = YES;
				GCC_OPTIMIZATION_LEVEL = 0;
				GCC_PREPROCESSOR_DEFINITIONS = (
					"DEBUG=1",
					"$(inherited)",
				);
				GCC_WARN_64_TO_32_BIT_CONVERSION = YES;
				GCC_WARN_ABOUT_RETURN_TYPE = YES_ERROR;
				GCC_WARN_UNDECLARED_SELECTOR = YES;
				GCC_WARN_UNINITIALIZED_AUTOS = YES_AGGRESSIVE;
				GCC_WARN_UNUSED_FUNCTION = YES;
				GCC_WARN_UNUSED_VARIABLE = YES;
				IPHONEOS_DEPLOYMENT_TARGET = 9.1;
				MTL_ENABLE_DEBUG_INFO = YES;
				ONLY_ACTIVE_ARCH = YES;
				SDKROOT = iphoneos;
				SWIFT_OPTIMIZATION_LEVEL = "-Onone";
				TARGETED_DEVICE_FAMILY = "1,2";
			};
			name = Debug;
		};
		1697B4671BF6F0E200FB7F20 /* Release */ = {
			isa = XCBuildConfiguration;
			buildSettings = {
				ALWAYS_SEARCH_USER_PATHS = NO;
				CLANG_CXX_LANGUAGE_STANDARD = "gnu++0x";
				CLANG_CXX_LIBRARY = "libc++";
				CLANG_ENABLE_MODULES = YES;
				CLANG_ENABLE_OBJC_ARC = YES;
				CLANG_WARN_BLOCK_CAPTURE_AUTORELEASING = YES;
				CLANG_WARN_BOOL_CONVERSION = YES;
				CLANG_WARN_COMMA = YES;
				CLANG_WARN_CONSTANT_CONVERSION = YES;
				CLANG_WARN_DIRECT_OBJC_ISA_USAGE = YES_ERROR;
				CLANG_WARN_EMPTY_BODY = YES;
				CLANG_WARN_ENUM_CONVERSION = YES;
				CLANG_WARN_INFINITE_RECURSION = YES;
				CLANG_WARN_INT_CONVERSION = YES;
				CLANG_WARN_NON_LITERAL_NULL_CONVERSION = YES;
				CLANG_WARN_OBJC_LITERAL_CONVERSION = YES;
				CLANG_WARN_OBJC_ROOT_CLASS = YES_ERROR;
				CLANG_WARN_RANGE_LOOP_ANALYSIS = YES;
				CLANG_WARN_STRICT_PROTOTYPES = YES;
				CLANG_WARN_SUSPICIOUS_MOVE = YES;
				CLANG_WARN_UNREACHABLE_CODE = YES;
				CLANG_WARN__DUPLICATE_METHOD_MATCH = YES;
				"CODE_SIGN_IDENTITY[sdk=iphoneos*]" = "iPhone Developer";
				COPY_PHASE_STRIP = NO;
				DEBUG_INFORMATION_FORMAT = "dwarf-with-dsym";
				ENABLE_NS_ASSERTIONS = NO;
				ENABLE_STRICT_OBJC_MSGSEND = YES;
				GCC_C_LANGUAGE_STANDARD = gnu99;
				GCC_NO_COMMON_BLOCKS = YES;
				GCC_WARN_64_TO_32_BIT_CONVERSION = YES;
				GCC_WARN_ABOUT_RETURN_TYPE = YES_ERROR;
				GCC_WARN_UNDECLARED_SELECTOR = YES;
				GCC_WARN_UNINITIALIZED_AUTOS = YES_AGGRESSIVE;
				GCC_WARN_UNUSED_FUNCTION = YES;
				GCC_WARN_UNUSED_VARIABLE = YES;
				IPHONEOS_DEPLOYMENT_TARGET = 9.1;
				MTL_ENABLE_DEBUG_INFO = NO;
				SDKROOT = iphoneos;
				TARGETED_DEVICE_FAMILY = "1,2";
				VALIDATE_PRODUCT = YES;
			};
			name = Release;
		};
		1697B4691BF6F0E200FB7F20 /* Debug */ = {
			isa = XCBuildConfiguration;
			buildSettings = {
				ALWAYS_EMBED_SWIFT_STANDARD_LIBRARIES = YES;
				ASSETCATALOG_COMPILER_APPICON_NAME = AppIcon;
				CLANG_ENABLE_MODULES = YES;
				DEVELOPMENT_TEAM = RENT9T8393;
				INFOPLIST_FILE = ChemWhiz/Info.plist;
				IPHONEOS_DEPLOYMENT_TARGET = 9.1;
				LD_RUNPATH_SEARCH_PATHS = "$(inherited) @executable_path/Frameworks";
				PRODUCT_BUNDLE_IDENTIFIER = edu.self.ChemWhiz;
				PRODUCT_NAME = "$(TARGET_NAME)";
				SWIFT_INSTALL_OBJC_HEADER = YES;
				SWIFT_OBJC_BRIDGING_HEADER = "ChemWhiz/ChemWhiz-Bridging-Header.h";
				"SWIFT_OBJC_BRIDGING_HEADER[arch=*]" = "ChemWhiz/ChemWhiz-Bridging-Header.h";
				SWIFT_OPTIMIZATION_LEVEL = "-Onone";
				SWIFT_SWIFT3_OBJC_INFERENCE = Default;
				SWIFT_VERSION = 4.0;
			};
			name = Debug;
		};
		1697B46A1BF6F0E200FB7F20 /* Release */ = {
			isa = XCBuildConfiguration;
			buildSettings = {
				ALWAYS_EMBED_SWIFT_STANDARD_LIBRARIES = YES;
				ASSETCATALOG_COMPILER_APPICON_NAME = AppIcon;
				CLANG_ENABLE_MODULES = YES;
				DEVELOPMENT_TEAM = RENT9T8393;
				INFOPLIST_FILE = ChemWhiz/Info.plist;
				IPHONEOS_DEPLOYMENT_TARGET = 9.1;
				LD_RUNPATH_SEARCH_PATHS = "$(inherited) @executable_path/Frameworks";
				PRODUCT_BUNDLE_IDENTIFIER = edu.self.ChemWhiz;
				PRODUCT_NAME = "$(TARGET_NAME)";
				SWIFT_INSTALL_OBJC_HEADER = YES;
				SWIFT_OBJC_BRIDGING_HEADER = "ChemWhiz/ChemWhiz-Bridging-Header.h";
				SWIFT_OPTIMIZATION_LEVEL = "-Owholemodule";
				SWIFT_SWIFT3_OBJC_INFERENCE = Default;
				SWIFT_VERSION = 4.0;
			};
			name = Release;
		};
		16A090F91C21D55E00F840D9 /* Debug */ = {
			isa = XCBuildConfiguration;
			buildSettings = {
				ASSETCATALOG_COMPILER_APPICON_NAME = ActionIcon;
				DEVELOPMENT_TEAM = RENT9T8393;
				INFOPLIST_FILE = "Calculate Molar Mass/Info.plist";
				IPHONEOS_DEPLOYMENT_TARGET = 9.1;
				LD_RUNPATH_SEARCH_PATHS = "$(inherited) @executable_path/Frameworks @executable_path/../../Frameworks";
				PRODUCT_BUNDLE_IDENTIFIER = "edu.self.ChemWhiz.Calculate-Molar-Mass";
				PRODUCT_NAME = "$(TARGET_NAME)";
				SKIP_INSTALL = YES;
				SWIFT_OBJC_BRIDGING_HEADER = "ChemWhiz/ChemWhiz-Bridging-Header.h";
				SWIFT_SWIFT3_OBJC_INFERENCE = Default;
				SWIFT_VERSION = 4.0;
			};
			name = Debug;
		};
		16A090FA1C21D55E00F840D9 /* Release */ = {
			isa = XCBuildConfiguration;
			buildSettings = {
				ASSETCATALOG_COMPILER_APPICON_NAME = ActionIcon;
				DEVELOPMENT_TEAM = RENT9T8393;
				INFOPLIST_FILE = "Calculate Molar Mass/Info.plist";
				IPHONEOS_DEPLOYMENT_TARGET = 9.1;
				LD_RUNPATH_SEARCH_PATHS = "$(inherited) @executable_path/Frameworks @executable_path/../../Frameworks";
				PRODUCT_BUNDLE_IDENTIFIER = "edu.self.ChemWhiz.Calculate-Molar-Mass";
				PRODUCT_NAME = "$(TARGET_NAME)";
				SKIP_INSTALL = YES;
				SWIFT_OBJC_BRIDGING_HEADER = "ChemWhiz/ChemWhiz-Bridging-Header.h";
				SWIFT_OPTIMIZATION_LEVEL = "-Owholemodule";
				SWIFT_SWIFT3_OBJC_INFERENCE = Default;
				SWIFT_VERSION = 4.0;
			};
			name = Release;
		};
		16A409061C20D6D300ADB213 /* Debug */ = {
			isa = XCBuildConfiguration;
			buildSettings = {
				ASSETCATALOG_COMPILER_APPICON_NAME = AppIcon;
				DEVELOPMENT_TEAM = RENT9T8393;
				INFOPLIST_FILE = "Molar Mass Calculator/Info.plist";
				IPHONEOS_DEPLOYMENT_TARGET = 10.0;
				LD_RUNPATH_SEARCH_PATHS = "$(inherited) @executable_path/Frameworks @executable_path/../../Frameworks";
				PRODUCT_BUNDLE_IDENTIFIER = "edu.self.ChemWhiz.Molar-Mass-Calculator";
				PRODUCT_NAME = "$(TARGET_NAME)";
				SKIP_INSTALL = YES;
				SWIFT_OBJC_BRIDGING_HEADER = "ChemWhiz/ChemWhiz-Bridging-Header.h";
				SWIFT_SWIFT3_OBJC_INFERENCE = Default;
				SWIFT_VERSION = 4.0;
			};
			name = Debug;
		};
		16A409071C20D6D300ADB213 /* Release */ = {
			isa = XCBuildConfiguration;
			buildSettings = {
				ASSETCATALOG_COMPILER_APPICON_NAME = AppIcon;
				DEVELOPMENT_TEAM = RENT9T8393;
				INFOPLIST_FILE = "Molar Mass Calculator/Info.plist";
				IPHONEOS_DEPLOYMENT_TARGET = 10.0;
				LD_RUNPATH_SEARCH_PATHS = "$(inherited) @executable_path/Frameworks @executable_path/../../Frameworks";
				PRODUCT_BUNDLE_IDENTIFIER = "edu.self.ChemWhiz.Molar-Mass-Calculator";
				PRODUCT_NAME = "$(TARGET_NAME)";
				SKIP_INSTALL = YES;
				SWIFT_OBJC_BRIDGING_HEADER = "ChemWhiz/ChemWhiz-Bridging-Header.h";
				SWIFT_OPTIMIZATION_LEVEL = "-Owholemodule";
				SWIFT_SWIFT3_OBJC_INFERENCE = Default;
				SWIFT_VERSION = 4.0;
			};
			name = Release;
		};
/* End XCBuildConfiguration section */

/* Begin XCConfigurationList section */
		1697B4511BF6F0E200FB7F20 /* Build configuration list for PBXProject "ChemWhiz" */ = {
			isa = XCConfigurationList;
			buildConfigurations = (
				1697B4661BF6F0E200FB7F20 /* Debug */,
				1697B4671BF6F0E200FB7F20 /* Release */,
			);
			defaultConfigurationIsVisible = 0;
			defaultConfigurationName = Release;
		};
		1697B4681BF6F0E200FB7F20 /* Build configuration list for PBXNativeTarget "ChemWhiz" */ = {
			isa = XCConfigurationList;
			buildConfigurations = (
				1697B4691BF6F0E200FB7F20 /* Debug */,
				1697B46A1BF6F0E200FB7F20 /* Release */,
			);
			defaultConfigurationIsVisible = 0;
			defaultConfigurationName = Release;
		};
		16A090FB1C21D55E00F840D9 /* Build configuration list for PBXNativeTarget "Calculate Molar Mass" */ = {
			isa = XCConfigurationList;
			buildConfigurations = (
				16A090F91C21D55E00F840D9 /* Debug */,
				16A090FA1C21D55E00F840D9 /* Release */,
			);
			defaultConfigurationIsVisible = 0;
			defaultConfigurationName = Release;
		};
		16A409081C20D6D300ADB213 /* Build configuration list for PBXNativeTarget "Molar Mass Calculator" */ = {
			isa = XCConfigurationList;
			buildConfigurations = (
				16A409061C20D6D300ADB213 /* Debug */,
				16A409071C20D6D300ADB213 /* Release */,
			);
			defaultConfigurationIsVisible = 0;
			defaultConfigurationName = Release;
		};
/* End XCConfigurationList section */
	};
	rootObject = 1697B44E1BF6F0E200FB7F20 /* Project object */;
}
